
Microsoft Visual Studio Solution File, Format Version 12.00
# Visual Studio Version 17
VisualStudioVersion = 17.13.35931.197 d17.13
MinimumVisualStudioVersion = 10.0.40219.1
Project("{FAE04EC0-301F-11D3-BF4B-00C04F79EFBC}") = "WebMVCR", "WebMVCR\WebMVCR.csproj", "{1A421452-026B-4DAB-8D31-B00065E8B453}"
EndProject
Global
	GlobalSection(SolutionConfigurationPlatforms) = preSolution
		Debug|Any CPU = Debug|Any CPU
		Release|Any CPU = Release|Any CPU
	EndGlobalSection
	GlobalSection(ProjectConfigurationPlatforms) = postSolution
		{1A421452-026B-4DAB-8D31-B00065E8B453}.Debug|Any CPU.ActiveCfg = Debug|Any CPU
		{1A421452-026B-4DAB-8D31-B00065E8B453}.Debug|Any CPU.Build.0 = Debug|Any CPU
		{1A421452-026B-4DAB-8D31-B00065E8B453}.Release|Any CPU.ActiveCfg = Release|Any CPU
		{1A421452-026B-4DAB-8D31-B00065E8B453}.Release|Any CPU.Build.0 = Release|Any CPU
	EndGlobalSection
	GlobalSection(SolutionProperties) = preSolution
		HideSolutionNode = FALSE
	EndGlobalSection
	GlobalSection(ExtensibilityGlobals) = postSolution
		SolutionGuid = {BA15BAA5-BDFD-4749-8AF9-4ABD16683702}
	EndGlobalSection
EndGlobal
